
Microsoft Visual Studio Solution File, Format Version 12.00
# Visual Studio Version 17
VisualStudioVersion = 17.9.34728.123
MinimumVisualStudioVersion = 10.0.40219.1
Project("{00D1A9C2-B5F0-4AF3-8072-F6C62B433612}") = "BudgetingDB", "BudgetingDB.sqlproj", "{B4043DF6-7A7F-400B-BE1A-EC62C64DCEE1}"
EndProject
Global
	GlobalSection(SolutionConfigurationPlatforms) = preSolution
		Debug|Any CPU = Debug|Any CPU
		Release|Any CPU = Release|Any CPU
	EndGlobalSection
	GlobalSection(ProjectConfigurationPlatforms) = postSolution
		{B4043DF6-7A7F-400B-BE1A-EC62C64DCEE1}.Debug|Any CPU.ActiveCfg = Debug|Any CPU
		{B4043DF6-7A7F-400B-BE1A-EC62C64DCEE1}.Debug|Any CPU.Build.0 = Debug|Any CPU
		{B4043DF6-7A7F-400B-BE1A-EC62C64DCEE1}.Debug|Any CPU.Deploy.0 = Debug|Any CPU
		{B4043DF6-7A7F-400B-BE1A-EC62C64DCEE1}.Release|Any CPU.ActiveCfg = Release|Any CPU
		{B4043DF6-7A7F-400B-BE1A-EC62C64DCEE1}.Release|Any CPU.Build.0 = Release|Any CPU
		{B4043DF6-7A7F-400B-BE1A-EC62C64DCEE1}.Release|Any CPU.Deploy.0 = Release|Any CPU
	EndGlobalSection
	GlobalSection(SolutionProperties) = preSolution
		HideSolutionNode = FALSE
	EndGlobalSection
	GlobalSection(ExtensibilityGlobals) = postSolution
		SolutionGuid = {52D579BD-7239-41CE-80AA-523628399B36}
	EndGlobalSection
EndGlobal
