
Microsoft Visual Studio Solution File, Format Version 12.00
# Visual Studio Version 17
VisualStudioVersion = 17.9.34728.123
MinimumVisualStudioVersion = 10.0.40219.1
Project("{FAE04EC0-301F-11D3-BF4B-00C04F79EFBC}") = "SimTicker-Personal", "SimTicker-Personal.csproj", "{5EB11FDD-EBC2-4396-ACA1-6B4E7A86A2D3}"
EndProject
Global
	GlobalSection(SolutionConfigurationPlatforms) = preSolution
		Debug|Any CPU = Debug|Any CPU
		Release|Any CPU = Release|Any CPU
	EndGlobalSection
	GlobalSection(ProjectConfigurationPlatforms) = postSolution
		{5EB11FDD-EBC2-4396-ACA1-6B4E7A86A2D3}.Debug|Any CPU.ActiveCfg = Debug|Any CPU
		{5EB11FDD-EBC2-4396-ACA1-6B4E7A86A2D3}.Debug|Any CPU.Build.0 = Debug|Any CPU
		{5EB11FDD-EBC2-4396-ACA1-6B4E7A86A2D3}.Release|Any CPU.ActiveCfg = Release|Any CPU
		{5EB11FDD-EBC2-4396-ACA1-6B4E7A86A2D3}.Release|Any CPU.Build.0 = Release|Any CPU
	EndGlobalSection
	GlobalSection(SolutionProperties) = preSolution
		HideSolutionNode = FALSE
	EndGlobalSection
	GlobalSection(ExtensibilityGlobals) = postSolution
		SolutionGuid = {CBB881E4-87E5-42E7-ADFF-00B1E3F85091}
	EndGlobalSection
EndGlobal
